
Microsoft Visual Studio Solution File, Format Version 12.00
# Visual Studio Version 17
VisualStudioVersion = 17.2.32616.157
MinimumVisualStudioVersion = 10.0.40219.1
Project("{FAE04EC0-301F-11D3-BF4B-00C04F79EFBC}") = "IdentityFrameworkDemo", "IdentityFrameworkDemo\IdentityFrameworkDemo.csproj", "{B382F215-C9B7-4C21-843F-9FE5988D0357}"
EndProject
Global
	GlobalSection(SolutionConfigurationPlatforms) = preSolution
		Debug|Any CPU = Debug|Any CPU
		Release|Any CPU = Release|Any CPU
	EndGlobalSection
	GlobalSection(ProjectConfigurationPlatforms) = postSolution
		{B382F215-C9B7-4C21-843F-9FE5988D0357}.Debug|Any CPU.ActiveCfg = Debug|Any CPU
		{B382F215-C9B7-4C21-843F-9FE5988D0357}.Debug|Any CPU.Build.0 = Debug|Any CPU
		{B382F215-C9B7-4C21-843F-9FE5988D0357}.Release|Any CPU.ActiveCfg = Release|Any CPU
		{B382F215-C9B7-4C21-843F-9FE5988D0357}.Release|Any CPU.Build.0 = Release|Any CPU
	EndGlobalSection
	GlobalSection(SolutionProperties) = preSolution
		HideSolutionNode = FALSE
	EndGlobalSection
	GlobalSection(ExtensibilityGlobals) = postSolution
		SolutionGuid = {373DD4F9-EFBB-4E01-B7D1-04778BCAD16E}
	EndGlobalSection
EndGlobal
